PODS:
  - Alamofire (5.6.1)
  - FakefyData (0.0.4):
    - FakefyDomain (= 0.0.4)
    - Moya (= 14.0.0)
  - FakefyDomain (0.0.4)
  - Kingfisher (6.3.0)
  - Moya (14.0.0):
    - Moya/Core (= 14.0.0)
  - Moya/Core (14.0.0):
    - Alamofire (~> 5.0)

DEPENDENCIES:
  - FakefyData (= 0.0.4)
  - FakefyDomain (= 0.0.4)
  - Kingfisher (= 6.3.0)

SPEC REPOS:
  trunk:
    - Alamofire
    - FakefyData
    - FakefyDomain
    - Kingfisher
    - Moya

SPEC CHECKSUMS:
  Alamofire: 87bd8c952f9a4454320fce00d9cc3de57bcadaf5
  FakefyData: 6cf0df684cfc79d46dc40bba6c59d6d66e8d09a3
  FakefyDomain: ff1dfc166fcc2dc768ba217f776cbd32e1f68077
  Kingfisher: 6c3df386db71d82c0817a429d2c9421a77396529
  Moya: 5b45dacb75adb009f97fde91c204c1e565d31916

PODFILE CHECKSUM: 1bd180aab08822347dc0919437143f71cc552f34

COCOAPODS: 1.11.3
