PODS:
  - Alamofire (5.4.4)
  - FakefyData (0.0.3):
    - FakefyDomain (= 0.0.3)
    - Moya (= 14.0.0)
  - FakefyDomain (0.0.3)
  - Kingfisher (6.3.0)
  - Moya (14.0.0):
    - Moya/Core (= 14.0.0)
  - Moya/Core (14.0.0):
    - Alamofire (~> 5.0)

DEPENDENCIES:
  - FakefyData (= 0.0.3)
  - FakefyDomain (= 0.0.3)
  - Kingfisher (= 6.3.0)

SPEC REPOS:
  trunk:
    - Alamofire
    - FakefyData
    - FakefyDomain
    - Kingfisher
    - Moya

SPEC CHECKSUMS:
  Alamofire: f3b09a368f1582ab751b3fff5460276e0d2cf5c9
  FakefyData: 316e1177c4463514a1967689715e527a04a9354a
  FakefyDomain: 96169deae96a1afe2c1f44443bbb3b1018ab05aa
  Kingfisher: 6c3df386db71d82c0817a429d2c9421a77396529
  Moya: 5b45dacb75adb009f97fde91c204c1e565d31916

PODFILE CHECKSUM: 8b17b1c7fc39980794be771602fe49161b1a61b8

COCOAPODS: 1.11.2
