// !$*UTF8*$!
{
	archiveVersion = 1;
	classes = {
	};
	objectVersion = 52;
	objects = {

/* Begin PBXBuildFile section */
		6770DFE3267679E80016F827 /* SearchViewModel.swift in Sources */ = {isa = PBXBuildFile; fileRef = 6770DFE2267679E80016F827 /* SearchViewModel.swift */; };
		6770DFE626767D290016F827 /* AlbumUI.swift in Sources */ = {isa = PBXBuildFile; fileRef = 6770DFE526767D290016F827 /* AlbumUI.swift */; };
		6770DFEA267688800016F827 /* Double+Formatter.swift in Sources */ = {isa = PBXBuildFile; fileRef = 6770DFE9267688800016F827 /* Double+Formatter.swift */; };
		6770DFEC267688B80016F827 /* String+Formatter.swift in Sources */ = {isa = PBXBuildFile; fileRef = 6770DFEB267688B80016F827 /* String+Formatter.swift */; };
		6770DFF126768D280016F827 /* ViewModelFactory.swift in Sources */ = {isa = PBXBuildFile; fileRef = 6770DFF026768D280016F827 /* ViewModelFactory.swift */; };
		6770DFF3267693CD0016F827 /* ViewControllerFactory.swift in Sources */ = {isa = PBXBuildFile; fileRef = 6770DFF2267693CD0016F827 /* ViewControllerFactory.swift */; };
		6770DFF5267697460016F827 /* UIView+Constraints.swift in Sources */ = {isa = PBXBuildFile; fileRef = 6770DFF4267697460016F827 /* UIView+Constraints.swift */; };
		6770DFF82676983F0016F827 /* SGValues.swift in Sources */ = {isa = PBXBuildFile; fileRef = 6770DFF72676983F0016F827 /* SGValues.swift */; };
		6770DFFA26769A000016F827 /* SGSearch.swift in Sources */ = {isa = PBXBuildFile; fileRef = 6770DFF926769A000016F827 /* SGSearch.swift */; };
		6770E00026769F5E0016F827 /* SGColors.swift in Sources */ = {isa = PBXBuildFile; fileRef = 6770DFFF26769F5E0016F827 /* SGColors.swift */; };
		6770E0032676A5760016F827 /* SearchResultCell.swift in Sources */ = {isa = PBXBuildFile; fileRef = 6770E0022676A5760016F827 /* SearchResultCell.swift */; };
		6770E0052676AB360016F827 /* UITableView+Register.swift in Sources */ = {isa = PBXBuildFile; fileRef = 6770E0042676AB360016F827 /* UITableView+Register.swift */; };
		67923F09267536010056FCC8 /* AppDelegate.swift in Sources */ = {isa = PBXBuildFile; fileRef = 67923F08267536010056FCC8 /* AppDelegate.swift */; };
		67923F0B267536010056FCC8 /* SceneDelegate.swift in Sources */ = {isa = PBXBuildFile; fileRef = 67923F0A267536010056FCC8 /* SceneDelegate.swift */; };
		67923F0D267536010056FCC8 /* SearchViewController.swift in Sources */ = {isa = PBXBuildFile; fileRef = 67923F0C267536010056FCC8 /* SearchViewController.swift */; };
		67923F12267536050056FCC8 /* Assets.xcassets in Resources */ = {isa = PBXBuildFile; fileRef = 67923F11267536050056FCC8 /* Assets.xcassets */; };
		67923F15267536050056FCC8 /* LaunchScreen.storyboard in Resources */ = {isa = PBXBuildFile; fileRef = 67923F13267536050056FCC8 /* LaunchScreen.storyboard */; };
		67EEA7632684B4A000AE3371 /* UIImageView+Kingfisher.swift in Sources */ = {isa = PBXBuildFile; fileRef = 67EEA7622684B4A000AE3371 /* UIImageView+Kingfisher.swift */; };
		67EEA7662684F17300AE3371 /* KeyboardManager.swift in Sources */ = {isa = PBXBuildFile; fileRef = 67EEA7652684F17300AE3371 /* KeyboardManager.swift */; };
		A34E18812853879900C9F888 /* AppUITests.swift in Sources */ = {isa = PBXBuildFile; fileRef = A34E18802853879900C9F888 /* AppUITests.swift */; };
		A37C9C0A284E1A62003CED0D /* SearchViewModelTests.swift in Sources */ = {isa = PBXBuildFile; fileRef = A37C9C09284E1A62003CED0D /* SearchViewModelTests.swift */; };
		A37C9C15284E1BEB003CED0D /* Nimble in Frameworks */ = {isa = PBXBuildFile; productRef = A37C9C14284E1BEB003CED0D /* Nimble */; };
		A37C9C1D284E1E65003CED0D /* FakefyDomain in Frameworks */ = {isa = PBXBuildFile; productRef = A37C9C1C284E1E65003CED0D /* FakefyDomain */; };
		A37C9C20284E1EC5003CED0D /* Quick in Frameworks */ = {isa = PBXBuildFile; productRef = A37C9C1F284E1EC5003CED0D /* Quick */; };
		A38B156D2853E541002D0150 /* SearchViewControllerUITests.swift in Sources */ = {isa = PBXBuildFile; fileRef = A38B156C2853E541002D0150 /* SearchViewControllerUITests.swift */; };
		A38B156F2853ED29002D0150 /* Nimble in Frameworks */ = {isa = PBXBuildFile; productRef = A38B156E2853ED29002D0150 /* Nimble */; };
		A38B15712853ED29002D0150 /* Quick in Frameworks */ = {isa = PBXBuildFile; productRef = A38B15702853ED29002D0150 /* Quick */; };
		A3C596A1283BD37F00C2F875 /* Kingfisher in Frameworks */ = {isa = PBXBuildFile; productRef = A3C596A0283BD37F00C2F875 /* Kingfisher */; };
		A3C596A3283BD38800C2F875 /* FakefyDomain in Frameworks */ = {isa = PBXBuildFile; productRef = A3C596A2283BD38800C2F875 /* FakefyDomain */; };
		A3C596A5283BD3C300C2F875 /* FakefyData in Frameworks */ = {isa = PBXBuildFile; productRef = A3C596A4283BD3C300C2F875 /* FakefyData */; };
/* End PBXBuildFile section */

/* Begin PBXContainerItemProxy section */
		A34E18842853879900C9F888 /* PBXContainerItemProxy */ = {
			isa = PBXContainerItemProxy;
			containerPortal = 67923EFD267536010056FCC8 /* Project object */;
			proxyType = 1;
			remoteGlobalIDString = 67923F04267536010056FCC8;
			remoteInfo = App;
		};
		A37C9C0B284E1A62003CED0D /* PBXContainerItemProxy */ = {
			isa = PBXContainerItemProxy;
			containerPortal = 67923EFD267536010056FCC8 /* Project object */;
			proxyType = 1;
			remoteGlobalIDString = 67923F04267536010056FCC8;
			remoteInfo = App;
		};
/* End PBXContainerItemProxy section */

/* Begin PBXCopyFilesBuildPhase section */
		6770DFDA267564DD0016F827 /* Embed Frameworks */ = {
			isa = PBXCopyFilesBuildPhase;
			buildActionMask = 2147483647;
			dstPath = "";
			dstSubfolderSpec = 10;
			files = (
			);
			name = "Embed Frameworks";
			runOnlyForDeploymentPostprocessing = 0;
		};
/* End PBXCopyFilesBuildPhase section */

/* Begin PBXFileReference section */
		6770DFE2267679E80016F827 /* SearchViewModel.swift */ = {isa = PBXFileReference; lastKnownFileType = sourcecode.swift; path = SearchViewModel.swift; sourceTree = "<group>"; };
		6770DFE526767D290016F827 /* AlbumUI.swift */ = {isa = PBXFileReference; lastKnownFileType = sourcecode.swift; path = AlbumUI.swift; sourceTree = "<group>"; };
		6770DFE9267688800016F827 /* Double+Formatter.swift */ = {isa = PBXFileReference; lastKnownFileType = sourcecode.swift; path = "Double+Formatter.swift"; sourceTree = "<group>"; };
		6770DFEB267688B80016F827 /* String+Formatter.swift */ = {isa = PBXFileReference; lastKnownFileType = sourcecode.swift; path = "String+Formatter.swift"; sourceTree = "<group>"; };
		6770DFF026768D280016F827 /* ViewModelFactory.swift */ = {isa = PBXFileReference; lastKnownFileType = sourcecode.swift; path = ViewModelFactory.swift; sourceTree = "<group>"; };
		6770DFF2267693CD0016F827 /* ViewControllerFactory.swift */ = {isa = PBXFileReference; lastKnownFileType = sourcecode.swift; path = ViewControllerFactory.swift; sourceTree = "<group>"; };
		6770DFF4267697460016F827 /* UIView+Constraints.swift */ = {isa = PBXFileReference; lastKnownFileType = sourcecode.swift; path = "UIView+Constraints.swift"; sourceTree = "<group>"; };
		6770DFF72676983F0016F827 /* SGValues.swift */ = {isa = PBXFileReference; lastKnownFileType = sourcecode.swift; path = SGValues.swift; sourceTree = "<group>"; };
		6770DFF926769A000016F827 /* SGSearch.swift */ = {isa = PBXFileReference; lastKnownFileType = sourcecode.swift; path = SGSearch.swift; sourceTree = "<group>"; };
		6770DFFF26769F5E0016F827 /* SGColors.swift */ = {isa = PBXFileReference; lastKnownFileType = sourcecode.swift; path = SGColors.swift; sourceTree = "<group>"; };
		6770E0022676A5760016F827 /* SearchResultCell.swift */ = {isa = PBXFileReference; lastKnownFileType = sourcecode.swift; path = SearchResultCell.swift; sourceTree = "<group>"; };
		6770E0042676AB360016F827 /* UITableView+Register.swift */ = {isa = PBXFileReference; lastKnownFileType = sourcecode.swift; path = "UITableView+Register.swift"; sourceTree = "<group>"; };
		67923F05267536010056FCC8 /* App.app */ = {isa = PBXFileReference; explicitFileType = wrapper.application; includeInIndex = 0; path = App.app; sourceTree = BUILT_PRODUCTS_DIR; };
		67923F08267536010056FCC8 /* AppDelegate.swift */ = {isa = PBXFileReference; lastKnownFileType = sourcecode.swift; path = AppDelegate.swift; sourceTree = "<group>"; };
		67923F0A267536010056FCC8 /* SceneDelegate.swift */ = {isa = PBXFileReference; lastKnownFileType = sourcecode.swift; path = SceneDelegate.swift; sourceTree = "<group>"; };
		67923F0C267536010056FCC8 /* SearchViewController.swift */ = {isa = PBXFileReference; lastKnownFileType = sourcecode.swift; path = SearchViewController.swift; sourceTree = "<group>"; };
		67923F11267536050056FCC8 /* Assets.xcassets */ = {isa = PBXFileReference; lastKnownFileType = folder.assetcatalog; path = Assets.xcassets; sourceTree = "<group>"; };
		67923F14267536050056FCC8 /* Base */ = {isa = PBXFileReference; lastKnownFileType = file.storyboard; name = Base; path = Base.lproj/LaunchScreen.storyboard; sourceTree = "<group>"; };
		67923F16267536050056FCC8 /* Info.plist */ = {isa = PBXFileReference; lastKnownFileType = text.plist.xml; path = Info.plist; sourceTree = "<group>"; };
		67EEA7622684B4A000AE3371 /* UIImageView+Kingfisher.swift */ = {isa = PBXFileReference; lastKnownFileType = sourcecode.swift; path = "UIImageView+Kingfisher.swift"; sourceTree = "<group>"; };
		67EEA7652684F17300AE3371 /* KeyboardManager.swift */ = {isa = PBXFileReference; lastKnownFileType = sourcecode.swift; path = KeyboardManager.swift; sourceTree = "<group>"; };
		A34E187E2853879900C9F888 /* AppUITests.xctest */ = {isa = PBXFileReference; explicitFileType = wrapper.cfbundle; includeInIndex = 0; path = AppUITests.xctest; sourceTree = BUILT_PRODUCTS_DIR; };
		A34E18802853879900C9F888 /* AppUITests.swift */ = {isa = PBXFileReference; lastKnownFileType = sourcecode.swift; path = AppUITests.swift; sourceTree = "<group>"; };
		A37C9C07284E1A62003CED0D /* AppTests.xctest */ = {isa = PBXFileReference; explicitFileType = wrapper.cfbundle; includeInIndex = 0; path = AppTests.xctest; sourceTree = BUILT_PRODUCTS_DIR; };
		A37C9C09284E1A62003CED0D /* SearchViewModelTests.swift */ = {isa = PBXFileReference; lastKnownFileType = sourcecode.swift; path = SearchViewModelTests.swift; sourceTree = "<group>"; };
		A38B156C2853E541002D0150 /* SearchViewControllerUITests.swift */ = {isa = PBXFileReference; lastKnownFileType = sourcecode.swift; path = SearchViewControllerUITests.swift; sourceTree = "<group>"; };
/* End PBXFileReference section */

/* Begin PBXFrameworksBuildPhase section */
		67923F02267536010056FCC8 /* Frameworks */ = {
			isa = PBXFrameworksBuildPhase;
			buildActionMask = 2147483647;
			files = (
				A3C596A3283BD38800C2F875 /* FakefyDomain in Frameworks */,
				A3C596A5283BD3C300C2F875 /* FakefyData in Frameworks */,
				A3C596A1283BD37F00C2F875 /* Kingfisher in Frameworks */,
			);
			runOnlyForDeploymentPostprocessing = 0;
		};
		A34E187B2853879900C9F888 /* Frameworks */ = {
			isa = PBXFrameworksBuildPhase;
			buildActionMask = 2147483647;
			files = (
				A38B15712853ED29002D0150 /* Quick in Frameworks */,
				A38B156F2853ED29002D0150 /* Nimble in Frameworks */,
			);
			runOnlyForDeploymentPostprocessing = 0;
		};
		A37C9C04284E1A62003CED0D /* Frameworks */ = {
			isa = PBXFrameworksBuildPhase;
			buildActionMask = 2147483647;
			files = (
				A37C9C1D284E1E65003CED0D /* FakefyDomain in Frameworks */,
				A37C9C20284E1EC5003CED0D /* Quick in Frameworks */,
				A37C9C15284E1BEB003CED0D /* Nimble in Frameworks */,
			);
			runOnlyForDeploymentPostprocessing = 0;
		};
/* End PBXFrameworksBuildPhase section */

/* Begin PBXGroup section */
		6770DFE426767D100016F827 /* Model */ = {
			isa = PBXGroup;
			children = (
				6770DFE526767D290016F827 /* AlbumUI.swift */,
			);
			path = Model;
			sourceTree = "<group>";
		};
		6770DFE7267688680016F827 /* Common */ = {
			isa = PBXGroup;
			children = (
				67EEA7642684F16000AE3371 /* Keyboard */,
				6770DFF6267698170016F827 /* Style Guide */,
				6770DFE82676886E0016F827 /* Extensions */,
			);
			path = Common;
			sourceTree = "<group>";
		};
		6770DFE82676886E0016F827 /* Extensions */ = {
			isa = PBXGroup;
			children = (
				6770DFE9267688800016F827 /* Double+Formatter.swift */,
				6770DFEB267688B80016F827 /* String+Formatter.swift */,
				6770DFF4267697460016F827 /* UIView+Constraints.swift */,
				6770E0042676AB360016F827 /* UITableView+Register.swift */,
				67EEA7622684B4A000AE3371 /* UIImageView+Kingfisher.swift */,
			);
			path = Extensions;
			sourceTree = "<group>";
		};
		6770DFED26768CFC0016F827 /* Factory */ = {
			isa = PBXGroup;
			children = (
				6770DFF026768D280016F827 /* ViewModelFactory.swift */,
				6770DFF2267693CD0016F827 /* ViewControllerFactory.swift */,
			);
			path = Factory;
			sourceTree = "<group>";
		};
		6770DFF6267698170016F827 /* Style Guide */ = {
			isa = PBXGroup;
			children = (
				6770DFF72676983F0016F827 /* SGValues.swift */,
				6770DFFF26769F5E0016F827 /* SGColors.swift */,
			);
			path = "Style Guide";
			sourceTree = "<group>";
		};
		6770E0012676A5480016F827 /* Views */ = {
			isa = PBXGroup;
			children = (
				6770E0022676A5760016F827 /* SearchResultCell.swift */,
			);
			path = Views;
			sourceTree = "<group>";
		};
		67923EFC267536010056FCC8 = {
			isa = PBXGroup;
			children = (
				A3970CB3283816D30020845A /* Packages */,
				67923F07267536010056FCC8 /* App */,
				A37C9C08284E1A62003CED0D /* AppTests */,
				A34E187F2853879900C9F888 /* AppUITests */,
				67923F06267536010056FCC8 /* Products */,
				A3B042FD283BCE8A0079E9BE /* Frameworks */,
			);
			sourceTree = "<group>";
		};
		67923F06267536010056FCC8 /* Products */ = {
			isa = PBXGroup;
			children = (
				67923F05267536010056FCC8 /* App.app */,
				A37C9C07284E1A62003CED0D /* AppTests.xctest */,
				A34E187E2853879900C9F888 /* AppUITests.xctest */,
			);
			name = Products;
			sourceTree = "<group>";
		};
		67923F07267536010056FCC8 /* App */ = {
			isa = PBXGroup;
			children = (
				67923F382675369C0056FCC8 /* Sources */,
				67923F39267536A00056FCC8 /* Supporting Files */,
			);
			path = App;
			sourceTree = "<group>";
		};
		67923F382675369C0056FCC8 /* Sources */ = {
			isa = PBXGroup;
			children = (
				6770DFED26768CFC0016F827 /* Factory */,
				6770DFE7267688680016F827 /* Common */,
				67923F3C267538B60056FCC8 /* Features */,
				67923F3A267538980056FCC8 /* Delegate */,
			);
			path = Sources;
			sourceTree = "<group>";
		};
		67923F39267536A00056FCC8 /* Supporting Files */ = {
			isa = PBXGroup;
			children = (
				67923F11267536050056FCC8 /* Assets.xcassets */,
				67923F13267536050056FCC8 /* LaunchScreen.storyboard */,
				67923F16267536050056FCC8 /* Info.plist */,
			);
			path = "Supporting Files";
			sourceTree = "<group>";
		};
		67923F3A267538980056FCC8 /* Delegate */ = {
			isa = PBXGroup;
			children = (
				67923F08267536010056FCC8 /* AppDelegate.swift */,
				67923F0A267536010056FCC8 /* SceneDelegate.swift */,
			);
			path = Delegate;
			sourceTree = "<group>";
		};
		67923F3B267538A60056FCC8 /* Search */ = {
			isa = PBXGroup;
			children = (
				6770E0012676A5480016F827 /* Views */,
				6770DFE426767D100016F827 /* Model */,
				67923F0C267536010056FCC8 /* SearchViewController.swift */,
				6770DFE2267679E80016F827 /* SearchViewModel.swift */,
				6770DFF926769A000016F827 /* SGSearch.swift */,
			);
			path = Search;
			sourceTree = "<group>";
		};
		67923F3C267538B60056FCC8 /* Features */ = {
			isa = PBXGroup;
			children = (
				67923F3B267538A60056FCC8 /* Search */,
			);
			path = Features;
			sourceTree = "<group>";
		};
		67EEA7642684F16000AE3371 /* Keyboard */ = {
			isa = PBXGroup;
			children = (
				67EEA7652684F17300AE3371 /* KeyboardManager.swift */,
			);
			path = Keyboard;
			sourceTree = "<group>";
		};
		A34E187F2853879900C9F888 /* AppUITests */ = {
			isa = PBXGroup;
			children = (
				A34E1889285387AA00C9F888 /* UITests */,
			);
			path = AppUITests;
			sourceTree = "<group>";
		};
		A34E1889285387AA00C9F888 /* UITests */ = {
			isa = PBXGroup;
			children = (
				A38B156B2853E4DB002D0150 /* Search */,
				A34E18802853879900C9F888 /* AppUITests.swift */,
			);
			path = UITests;
			sourceTree = "<group>";
		};
		A37C9C08284E1A62003CED0D /* AppTests */ = {
			isa = PBXGroup;
			children = (
				A37C9C21284E1F11003CED0D /* Tests */,
			);
			path = AppTests;
			sourceTree = "<group>";
		};
		A37C9C21284E1F11003CED0D /* Tests */ = {
			isa = PBXGroup;
			children = (
				A37C9C22284E2057003CED0D /* Search */,
			);
			path = Tests;
			sourceTree = "<group>";
		};
		A37C9C22284E2057003CED0D /* Search */ = {
			isa = PBXGroup;
			children = (
				A37C9C09284E1A62003CED0D /* SearchViewModelTests.swift */,
			);
			path = Search;
			sourceTree = "<group>";
		};
		A38B156B2853E4DB002D0150 /* Search */ = {
			isa = PBXGroup;
			children = (
				A38B156C2853E541002D0150 /* SearchViewControllerUITests.swift */,
			);
			path = Search;
			sourceTree = "<group>";
		};
		A3970CB3283816D30020845A /* Packages */ = {
			isa = PBXGroup;
			children = (
			);
			name = Packages;
			sourceTree = "<group>";
		};
		A3B042FD283BCE8A0079E9BE /* Frameworks */ = {
			isa = PBXGroup;
			children = (
			);
			name = Frameworks;
			sourceTree = "<group>";
		};
/* End PBXGroup section */

/* Begin PBXNativeTarget section */
		67923F04267536010056FCC8 /* App */ = {
			isa = PBXNativeTarget;
			buildConfigurationList = 67923F2F267536060056FCC8 /* Build configuration list for PBXNativeTarget "App" */;
			buildPhases = (
				67923F01267536010056FCC8 /* Sources */,
				67923F02267536010056FCC8 /* Frameworks */,
				67923F03267536010056FCC8 /* Resources */,
				6770DFDA267564DD0016F827 /* Embed Frameworks */,
			);
			buildRules = (
			);
			dependencies = (
			);
			name = App;
			packageProductDependencies = (
				A3C596A0283BD37F00C2F875 /* Kingfisher */,
				A3C596A2283BD38800C2F875 /* FakefyDomain */,
				A3C596A4283BD3C300C2F875 /* FakefyData */,
			);
			productName = "touchtunes-ios-app";
			productReference = 67923F05267536010056FCC8 /* App.app */;
			productType = "com.apple.product-type.application";
		};
		A34E187D2853879900C9F888 /* AppUITests */ = {
			isa = PBXNativeTarget;
			buildConfigurationList = A34E18882853879900C9F888 /* Build configuration list for PBXNativeTarget "AppUITests" */;
			buildPhases = (
				A34E187A2853879900C9F888 /* Sources */,
				A34E187B2853879900C9F888 /* Frameworks */,
				A34E187C2853879900C9F888 /* Resources */,
			);
			buildRules = (
			);
			dependencies = (
				A34E18852853879900C9F888 /* PBXTargetDependency */,
			);
			name = AppUITests;
			packageProductDependencies = (
				A38B156E2853ED29002D0150 /* Nimble */,
				A38B15702853ED29002D0150 /* Quick */,
			);
			productName = AppUITests;
			productReference = A34E187E2853879900C9F888 /* AppUITests.xctest */;
			productType = "com.apple.product-type.bundle.ui-testing";
		};
		A37C9C06284E1A62003CED0D /* AppTests */ = {
			isa = PBXNativeTarget;
			buildConfigurationList = A37C9C0F284E1A62003CED0D /* Build configuration list for PBXNativeTarget "AppTests" */;
			buildPhases = (
				A37C9C03284E1A62003CED0D /* Sources */,
				A37C9C04284E1A62003CED0D /* Frameworks */,
				A37C9C05284E1A62003CED0D /* Resources */,
			);
			buildRules = (
			);
			dependencies = (
				A37C9C0C284E1A62003CED0D /* PBXTargetDependency */,
			);
			name = AppTests;
			packageProductDependencies = (
				A37C9C14284E1BEB003CED0D /* Nimble */,
				A37C9C1C284E1E65003CED0D /* FakefyDomain */,
				A37C9C1F284E1EC5003CED0D /* Quick */,
			);
			productName = AppTests;
			productReference = A37C9C07284E1A62003CED0D /* AppTests.xctest */;
			productType = "com.apple.product-type.bundle.unit-test";
		};
/* End PBXNativeTarget section */

/* Begin PBXProject section */
		67923EFD267536010056FCC8 /* Project object */ = {
			isa = PBXProject;
			attributes = {
				LastSwiftUpdateCheck = 1330;
				LastUpgradeCheck = 1250;
				TargetAttributes = {
					67923F04267536010056FCC8 = {
						CreatedOnToolsVersion = 12.5;
					};
					A34E187D2853879900C9F888 = {
						CreatedOnToolsVersion = 13.3;
						TestTargetID = 67923F04267536010056FCC8;
					};
					A37C9C06284E1A62003CED0D = {
						CreatedOnToolsVersion = 13.3;
						TestTargetID = 67923F04267536010056FCC8;
					};
				};
			};
			buildConfigurationList = 67923F00267536010056FCC8 /* Build configuration list for PBXProject "Fakefy iOS" */;
			compatibilityVersion = "Xcode 9.3";
			developmentRegion = en;
			hasScannedForEncodings = 0;
			knownRegions = (
				en,
				Base,
			);
			mainGroup = 67923EFC267536010056FCC8;
			packageReferences = (
				A3C5969F283BD37E00C2F875 /* XCRemoteSwiftPackageReference "Kingfisher" */,
				A37C9C13284E1BEB003CED0D /* XCRemoteSwiftPackageReference "Nimble" */,
				A37C9C1E284E1EC5003CED0D /* XCRemoteSwiftPackageReference "Quick" */,
			);
			productRefGroup = 67923F06267536010056FCC8 /* Products */;
			projectDirPath = "";
			projectRoot = "";
			targets = (
				67923F04267536010056FCC8 /* App */,
				A37C9C06284E1A62003CED0D /* AppTests */,
				A34E187D2853879900C9F888 /* AppUITests */,
			);
		};
/* End PBXProject section */

/* Begin PBXResourcesBuildPhase section */
		67923F03267536010056FCC8 /* Resources */ = {
			isa = PBXResourcesBuildPhase;
			buildActionMask = 2147483647;
			files = (
				67923F15267536050056FCC8 /* LaunchScreen.storyboard in Resources */,
				67923F12267536050056FCC8 /* Assets.xcassets in Resources */,
			);
			runOnlyForDeploymentPostprocessing = 0;
		};
		A34E187C2853879900C9F888 /* Resources */ = {
			isa = PBXResourcesBuildPhase;
			buildActionMask = 2147483647;
			files = (
			);
			runOnlyForDeploymentPostprocessing = 0;
		};
		A37C9C05284E1A62003CED0D /* Resources */ = {
			isa = PBXResourcesBuildPhase;
			buildActionMask = 2147483647;
			files = (
			);
			runOnlyForDeploymentPostprocessing = 0;
		};
/* End PBXResourcesBuildPhase section */

/* Begin PBXSourcesBuildPhase section */
		67923F01267536010056FCC8 /* Sources */ = {
			isa = PBXSourcesBuildPhase;
			buildActionMask = 2147483647;
			files = (
				6770E0032676A5760016F827 /* SearchResultCell.swift in Sources */,
				67923F0D267536010056FCC8 /* SearchViewController.swift in Sources */,
				6770DFFA26769A000016F827 /* SGSearch.swift in Sources */,
				67EEA7662684F17300AE3371 /* KeyboardManager.swift in Sources */,
				67923F09267536010056FCC8 /* AppDelegate.swift in Sources */,
				6770DFE3267679E80016F827 /* SearchViewModel.swift in Sources */,
				6770E00026769F5E0016F827 /* SGColors.swift in Sources */,
				6770DFF3267693CD0016F827 /* ViewControllerFactory.swift in Sources */,
				6770DFF82676983F0016F827 /* SGValues.swift in Sources */,
				67EEA7632684B4A000AE3371 /* UIImageView+Kingfisher.swift in Sources */,
				6770DFE626767D290016F827 /* AlbumUI.swift in Sources */,
				6770E0052676AB360016F827 /* UITableView+Register.swift in Sources */,
				67923F0B267536010056FCC8 /* SceneDelegate.swift in Sources */,
				6770DFF126768D280016F827 /* ViewModelFactory.swift in Sources */,
				6770DFF5267697460016F827 /* UIView+Constraints.swift in Sources */,
				6770DFEC267688B80016F827 /* String+Formatter.swift in Sources */,
				6770DFEA267688800016F827 /* Double+Formatter.swift in Sources */,
			);
			runOnlyForDeploymentPostprocessing = 0;
		};
		A34E187A2853879900C9F888 /* Sources */ = {
			isa = PBXSourcesBuildPhase;
			buildActionMask = 2147483647;
			files = (
				A38B156D2853E541002D0150 /* SearchViewControllerUITests.swift in Sources */,
				A34E18812853879900C9F888 /* AppUITests.swift in Sources */,
			);
			runOnlyForDeploymentPostprocessing = 0;
		};
		A37C9C03284E1A62003CED0D /* Sources */ = {
			isa = PBXSourcesBuildPhase;
			buildActionMask = 2147483647;
			files = (
				A37C9C0A284E1A62003CED0D /* SearchViewModelTests.swift in Sources */,
			);
			runOnlyForDeploymentPostprocessing = 0;
		};
/* End PBXSourcesBuildPhase section */

/* Begin PBXTargetDependency section */
		A34E18852853879900C9F888 /* PBXTargetDependency */ = {
			isa = PBXTargetDependency;
			target = 67923F04267536010056FCC8 /* App */;
			targetProxy = A34E18842853879900C9F888 /* PBXContainerItemProxy */;
		};
		A37C9C0C284E1A62003CED0D /* PBXTargetDependency */ = {
			isa = PBXTargetDependency;
			target = 67923F04267536010056FCC8 /* App */;
			targetProxy = A37C9C0B284E1A62003CED0D /* PBXContainerItemProxy */;
		};
/* End PBXTargetDependency section */

/* Begin PBXVariantGroup section */
		67923F13267536050056FCC8 /* LaunchScreen.storyboard */ = {
			isa = PBXVariantGroup;
			children = (
				67923F14267536050056FCC8 /* Base */,
			);
			name = LaunchScreen.storyboard;
			sourceTree = "<group>";
		};
/* End PBXVariantGroup section */

/* Begin XCBuildConfiguration section */
		67923F2D267536060056FCC8 /* Debug */ = {
			isa = XCBuildConfiguration;
			buildSettings = {
				ALWAYS_SEARCH_USER_PATHS = NO;
				CLANG_ANALYZER_NONNULL = YES;
				CLANG_ANALYZER_NUMBER_OBJECT_CONVERSION = YES_AGGRESSIVE;
				CLANG_CXX_LANGUAGE_STANDARD = "gnu++14";
				CLANG_CXX_LIBRARY = "libc++";
				CLANG_ENABLE_MODULES = YES;
				CLANG_ENABLE_OBJC_ARC = YES;
				CLANG_ENABLE_OBJC_WEAK = YES;
				CLANG_WARN_BLOCK_CAPTURE_AUTORELEASING = YES;
				CLANG_WARN_BOOL_CONVERSION = YES;
				CLANG_WARN_COMMA = YES;
				CLANG_WARN_CONSTANT_CONVERSION = YES;
				CLANG_WARN_DEPRECATED_OBJC_IMPLEMENTATIONS = YES;
				CLANG_WARN_DIRECT_OBJC_ISA_USAGE = YES_ERROR;
				CLANG_WARN_DOCUMENTATION_COMMENTS = YES;
				CLANG_WARN_EMPTY_BODY = YES;
				CLANG_WARN_ENUM_CONVERSION = YES;
				CLANG_WARN_INFINITE_RECURSION = YES;
				CLANG_WARN_INT_CONVERSION = YES;
				CLANG_WARN_NON_LITERAL_NULL_CONVERSION = YES;
				CLANG_WARN_OBJC_IMPLICIT_RETAIN_SELF = YES;
				CLANG_WARN_OBJC_LITERAL_CONVERSION = YES;
				CLANG_WARN_OBJC_ROOT_CLASS = YES_ERROR;
				CLANG_WARN_QUOTED_INCLUDE_IN_FRAMEWORK_HEADER = YES;
				CLANG_WARN_RANGE_LOOP_ANALYSIS = YES;
				CLANG_WARN_STRICT_PROTOTYPES = YES;
				CLANG_WARN_SUSPICIOUS_MOVE = YES;
				CLANG_WARN_UNGUARDED_AVAILABILITY = YES_AGGRESSIVE;
				CLANG_WARN_UNREACHABLE_CODE = YES;
				CLANG_WARN__DUPLICATE_METHOD_MATCH = YES;
				COPY_PHASE_STRIP = NO;
				DEBUG_INFORMATION_FORMAT = dwarf;
				ENABLE_STRICT_OBJC_MSGSEND = YES;
				ENABLE_TESTABILITY = YES;
				GCC_C_LANGUAGE_STANDARD = gnu11;
				GCC_DYNAMIC_NO_PIC = NO;
				GCC_NO_COMMON_BLOCKS = YES;
				GCC_OPTIMIZATION_LEVEL = 0;
				GCC_PREPROCESSOR_DEFINITIONS = (
					"DEBUG=1",
					"$(inherited)",
				);
				GCC_WARN_64_TO_32_BIT_CONVERSION = YES;
				GCC_WARN_ABOUT_RETURN_TYPE = YES_ERROR;
				GCC_WARN_UNDECLARED_SELECTOR = YES;
				GCC_WARN_UNINITIALIZED_AUTOS = YES_AGGRESSIVE;
				GCC_WARN_UNUSED_FUNCTION = YES;
				GCC_WARN_UNUSED_VARIABLE = YES;
				IPHONEOS_DEPLOYMENT_TARGET = 14.5;
				MTL_ENABLE_DEBUG_INFO = INCLUDE_SOURCE;
				MTL_FAST_MATH = YES;
				ONLY_ACTIVE_ARCH = YES;
				SDKROOT = iphoneos;
				SWIFT_ACTIVE_COMPILATION_CONDITIONS = DEBUG;
				SWIFT_OPTIMIZATION_LEVEL = "-Onone";
			};
			name = Debug;
		};
		67923F2E267536060056FCC8 /* Release */ = {
			isa = XCBuildConfiguration;
			buildSettings = {
				ALWAYS_SEARCH_USER_PATHS = NO;
				CLANG_ANALYZER_NONNULL = YES;
				CLANG_ANALYZER_NUMBER_OBJECT_CONVERSION = YES_AGGRESSIVE;
				CLANG_CXX_LANGUAGE_STANDARD = "gnu++14";
				CLANG_CXX_LIBRARY = "libc++";
				CLANG_ENABLE_MODULES = YES;
				CLANG_ENABLE_OBJC_ARC = YES;
				CLANG_ENABLE_OBJC_WEAK = YES;
				CLANG_WARN_BLOCK_CAPTURE_AUTORELEASING = YES;
				CLANG_WARN_BOOL_CONVERSION = YES;
				CLANG_WARN_COMMA = YES;
				CLANG_WARN_CONSTANT_CONVERSION = YES;
				CLANG_WARN_DEPRECATED_OBJC_IMPLEMENTATIONS = YES;
				CLANG_WARN_DIRECT_OBJC_ISA_USAGE = YES_ERROR;
				CLANG_WARN_DOCUMENTATION_COMMENTS = YES;
				CLANG_WARN_EMPTY_BODY = YES;
				CLANG_WARN_ENUM_CONVERSION = YES;
				CLANG_WARN_INFINITE_RECURSION = YES;
				CLANG_WARN_INT_CONVERSION = YES;
				CLANG_WARN_NON_LITERAL_NULL_CONVERSION = YES;
				CLANG_WARN_OBJC_IMPLICIT_RETAIN_SELF = YES;
				CLANG_WARN_OBJC_LITERAL_CONVERSION = YES;
				CLANG_WARN_OBJC_ROOT_CLASS = YES_ERROR;
				CLANG_WARN_QUOTED_INCLUDE_IN_FRAMEWORK_HEADER = YES;
				CLANG_WARN_RANGE_LOOP_ANALYSIS = YES;
				CLANG_WARN_STRICT_PROTOTYPES = YES;
				CLANG_WARN_SUSPICIOUS_MOVE = YES;
				CLANG_WARN_UNGUARDED_AVAILABILITY = YES_AGGRESSIVE;
				CLANG_WARN_UNREACHABLE_CODE = YES;
				CLANG_WARN__DUPLICATE_METHOD_MATCH = YES;
				COPY_PHASE_STRIP = NO;
				DEBUG_INFORMATION_FORMAT = "dwarf-with-dsym";
				ENABLE_NS_ASSERTIONS = NO;
				ENABLE_STRICT_OBJC_MSGSEND = YES;
				GCC_C_LANGUAGE_STANDARD = gnu11;
				GCC_NO_COMMON_BLOCKS = YES;
				GCC_WARN_64_TO_32_BIT_CONVERSION = YES;
				GCC_WARN_ABOUT_RETURN_TYPE = YES_ERROR;
				GCC_WARN_UNDECLARED_SELECTOR = YES;
				GCC_WARN_UNINITIALIZED_AUTOS = YES_AGGRESSIVE;
				GCC_WARN_UNUSED_FUNCTION = YES;
				GCC_WARN_UNUSED_VARIABLE = YES;
				IPHONEOS_DEPLOYMENT_TARGET = 14.5;
				MTL_ENABLE_DEBUG_INFO = NO;
				MTL_FAST_MATH = YES;
				SDKROOT = iphoneos;
				SWIFT_COMPILATION_MODE = wholemodule;
				SWIFT_OPTIMIZATION_LEVEL = "-O";
				VALIDATE_PRODUCT = YES;
			};
			name = Release;
		};
		67923F30267536060056FCC8 /* Debug */ = {
			isa = XCBuildConfiguration;
			buildSettings = {
				ASSETCATALOG_COMPILER_APPICON_NAME = AppIcon;
				ASSETCATALOG_COMPILER_GLOBAL_ACCENT_COLOR_NAME = AccentColor;
				CODE_SIGN_IDENTITY = "Apple Development";
				CODE_SIGN_STYLE = Automatic;
				DEVELOPMENT_TEAM = 333M5WNDNM;
				HEADER_SEARCH_PATHS = "$(inherited)";
				INFOPLIST_FILE = "App/Supporting Files/Info.plist";
				LD_RUNPATH_SEARCH_PATHS = (
					"$(inherited)",
					"@loader_path/Frameworks",
					"@executable_path/Frameworks",
					"$(BUILT_PRODUCTS_DIR)/Moya",
					"$(BUILT_PRODUCTS_DIR)/Alamofire",
				);
				PRODUCT_BUNDLE_IDENTIFIER = dev.ney.fakefy.ios;
				PRODUCT_NAME = "$(TARGET_NAME)";
				PROVISIONING_PROFILE_SPECIFIER = "";
				SWIFT_VERSION = 5.0;
				TARGETED_DEVICE_FAMILY = "1,2";
			};
			name = Debug;
		};
		67923F31267536060056FCC8 /* Release */ = {
			isa = XCBuildConfiguration;
			buildSettings = {
				ASSETCATALOG_COMPILER_APPICON_NAME = AppIcon;
				ASSETCATALOG_COMPILER_GLOBAL_ACCENT_COLOR_NAME = AccentColor;
				CODE_SIGN_IDENTITY = "Apple Development";
				CODE_SIGN_STYLE = Automatic;
				DEVELOPMENT_TEAM = 333M5WNDNM;
				HEADER_SEARCH_PATHS = "$(inherited)";
				INFOPLIST_FILE = "App/Supporting Files/Info.plist";
				LD_RUNPATH_SEARCH_PATHS = (
					"$(inherited)",
					"@loader_path/Frameworks",
					"@executable_path/Frameworks",
					"$(BUILT_PRODUCTS_DIR)/Moya",
					"$(BUILT_PRODUCTS_DIR)/Alamofire",
				);
				PRODUCT_BUNDLE_IDENTIFIER = dev.ney.fakefy.ios;
				PRODUCT_NAME = "$(TARGET_NAME)";
				PROVISIONING_PROFILE_SPECIFIER = "";
				SWIFT_VERSION = 5.0;
				TARGETED_DEVICE_FAMILY = "1,2";
			};
			name = Release;
		};
		A34E18862853879900C9F888 /* Debug */ = {
			isa = XCBuildConfiguration;
			buildSettings = {
				CLANG_CXX_LANGUAGE_STANDARD = "gnu++17";
				CODE_SIGN_STYLE = Automatic;
				CURRENT_PROJECT_VERSION = 1;
				DEVELOPMENT_TEAM = 333M5WNDNM;
				GENERATE_INFOPLIST_FILE = YES;
				IPHONEOS_DEPLOYMENT_TARGET = 15.4;
				MARKETING_VERSION = 1.0;
				PRODUCT_BUNDLE_IDENTIFIER = dev.ney.AppUITests;
				PRODUCT_NAME = "$(TARGET_NAME)";
				SWIFT_EMIT_LOC_STRINGS = NO;
				SWIFT_VERSION = 5.0;
				TARGETED_DEVICE_FAMILY = "1,2";
				TEST_TARGET_NAME = App;
			};
			name = Debug;
		};
		A34E18872853879900C9F888 /* Release */ = {
			isa = XCBuildConfiguration;
			buildSettings = {
				CLANG_CXX_LANGUAGE_STANDARD = "gnu++17";
				CODE_SIGN_STYLE = Automatic;
				CURRENT_PROJECT_VERSION = 1;
				DEVELOPMENT_TEAM = 333M5WNDNM;
				GENERATE_INFOPLIST_FILE = YES;
				IPHONEOS_DEPLOYMENT_TARGET = 15.4;
				MARKETING_VERSION = 1.0;
				PRODUCT_BUNDLE_IDENTIFIER = dev.ney.AppUITests;
				PRODUCT_NAME = "$(TARGET_NAME)";
				SWIFT_EMIT_LOC_STRINGS = NO;
				SWIFT_VERSION = 5.0;
				TARGETED_DEVICE_FAMILY = "1,2";
				TEST_TARGET_NAME = App;
			};
			name = Release;
		};
		A37C9C0D284E1A62003CED0D /* Debug */ = {
			isa = XCBuildConfiguration;
			buildSettings = {
				BUNDLE_LOADER = "$(TEST_HOST)";
				CLANG_CXX_LANGUAGE_STANDARD = "gnu++17";
				CODE_SIGN_STYLE = Automatic;
				CURRENT_PROJECT_VERSION = 1;
				DEVELOPMENT_TEAM = 333M5WNDNM;
				GENERATE_INFOPLIST_FILE = YES;
				IPHONEOS_DEPLOYMENT_TARGET = 15.4;
				MARKETING_VERSION = 1.0;
				PRODUCT_BUNDLE_IDENTIFIER = dev.ney.AppTests;
				PRODUCT_NAME = "$(TARGET_NAME)";
				SWIFT_EMIT_LOC_STRINGS = NO;
				SWIFT_VERSION = 5.0;
				TARGETED_DEVICE_FAMILY = "1,2";
				TEST_HOST = "$(BUILT_PRODUCTS_DIR)/App.app/App";
			};
			name = Debug;
		};
		A37C9C0E284E1A62003CED0D /* Release */ = {
			isa = XCBuildConfiguration;
			buildSettings = {
				BUNDLE_LOADER = "$(TEST_HOST)";
				CLANG_CXX_LANGUAGE_STANDARD = "gnu++17";
				CODE_SIGN_STYLE = Automatic;
				CURRENT_PROJECT_VERSION = 1;
				DEVELOPMENT_TEAM = 333M5WNDNM;
				GENERATE_INFOPLIST_FILE = YES;
				IPHONEOS_DEPLOYMENT_TARGET = 15.4;
				MARKETING_VERSION = 1.0;
				PRODUCT_BUNDLE_IDENTIFIER = dev.ney.AppTests;
				PRODUCT_NAME = "$(TARGET_NAME)";
				SWIFT_EMIT_LOC_STRINGS = NO;
				SWIFT_VERSION = 5.0;
				TARGETED_DEVICE_FAMILY = "1,2";
				TEST_HOST = "$(BUILT_PRODUCTS_DIR)/App.app/App";
			};
			name = Release;
		};
/* End XCBuildConfiguration section */

/* Begin XCConfigurationList section */
		67923F00267536010056FCC8 /* Build configuration list for PBXProject "Fakefy iOS" */ = {
			isa = XCConfigurationList;
			buildConfigurations = (
				67923F2D267536060056FCC8 /* Debug */,
				67923F2E267536060056FCC8 /* Release */,
			);
			defaultConfigurationIsVisible = 0;
			defaultConfigurationName = Release;
		};
		67923F2F267536060056FCC8 /* Build configuration list for PBXNativeTarget "App" */ = {
			isa = XCConfigurationList;
			buildConfigurations = (
				67923F30267536060056FCC8 /* Debug */,
				67923F31267536060056FCC8 /* Release */,
			);
			defaultConfigurationIsVisible = 0;
			defaultConfigurationName = Release;
		};
		A34E18882853879900C9F888 /* Build configuration list for PBXNativeTarget "AppUITests" */ = {
			isa = XCConfigurationList;
			buildConfigurations = (
				A34E18862853879900C9F888 /* Debug */,
				A34E18872853879900C9F888 /* Release */,
			);
			defaultConfigurationIsVisible = 0;
			defaultConfigurationName = Release;
		};
		A37C9C0F284E1A62003CED0D /* Build configuration list for PBXNativeTarget "AppTests" */ = {
			isa = XCConfigurationList;
			buildConfigurations = (
				A37C9C0D284E1A62003CED0D /* Debug */,
				A37C9C0E284E1A62003CED0D /* Release */,
			);
			defaultConfigurationIsVisible = 0;
			defaultConfigurationName = Release;
		};
/* End XCConfigurationList section */

/* Begin XCRemoteSwiftPackageReference section */
		A37C9C13284E1BEB003CED0D /* XCRemoteSwiftPackageReference "Nimble" */ = {
			isa = XCRemoteSwiftPackageReference;
			repositoryURL = "https://github.com/Quick/Nimble";
			requirement = {
				kind = exactVersion;
				version = 9.2.0;
			};
		};
		A37C9C1E284E1EC5003CED0D /* XCRemoteSwiftPackageReference "Quick" */ = {
			isa = XCRemoteSwiftPackageReference;
			repositoryURL = "https://github.com/Quick/Quick";
			requirement = {
				kind = exactVersion;
				version = 4.0.0;
			};
		};
		A3C5969F283BD37E00C2F875 /* XCRemoteSwiftPackageReference "Kingfisher" */ = {
			isa = XCRemoteSwiftPackageReference;
			repositoryURL = "https://github.com/onevcat/Kingfisher.git";
			requirement = {
				kind = exactVersion;
				version = 6.3.0;
			};
		};
/* End XCRemoteSwiftPackageReference section */

/* Begin XCSwiftPackageProductDependency section */
		A37C9C14284E1BEB003CED0D /* Nimble */ = {
			isa = XCSwiftPackageProductDependency;
			package = A37C9C13284E1BEB003CED0D /* XCRemoteSwiftPackageReference "Nimble" */;
			productName = Nimble;
		};
		A37C9C1C284E1E65003CED0D /* FakefyDomain */ = {
			isa = XCSwiftPackageProductDependency;
			productName = FakefyDomain;
		};
		A37C9C1F284E1EC5003CED0D /* Quick */ = {
			isa = XCSwiftPackageProductDependency;
			package = A37C9C1E284E1EC5003CED0D /* XCRemoteSwiftPackageReference "Quick" */;
			productName = Quick;
		};
		A38B156E2853ED29002D0150 /* Nimble */ = {
			isa = XCSwiftPackageProductDependency;
			package = A37C9C13284E1BEB003CED0D /* XCRemoteSwiftPackageReference "Nimble" */;
			productName = Nimble;
		};
		A38B15702853ED29002D0150 /* Quick */ = {
			isa = XCSwiftPackageProductDependency;
			package = A37C9C1E284E1EC5003CED0D /* XCRemoteSwiftPackageReference "Quick" */;
			productName = Quick;
		};
		A3C596A0283BD37F00C2F875 /* Kingfisher */ = {
			isa = XCSwiftPackageProductDependency;
			package = A3C5969F283BD37E00C2F875 /* XCRemoteSwiftPackageReference "Kingfisher" */;
			productName = Kingfisher;
		};
		A3C596A2283BD38800C2F875 /* FakefyDomain */ = {
			isa = XCSwiftPackageProductDependency;
			productName = FakefyDomain;
		};
		A3C596A4283BD3C300C2F875 /* FakefyData */ = {
			isa = XCSwiftPackageProductDependency;
			productName = FakefyData;
		};
/* End XCSwiftPackageProductDependency section */
	};
	rootObject = 67923EFD267536010056FCC8 /* Project object */;
}
