// !$*UTF8*$!
{
	archiveVersion = 1;
	classes = {
	};
	objectVersion = 51;
	objects = {

/* Begin PBXBuildFile section */
		6770DFE3267679E80016F827 /* SearchViewModel.swift in Sources */ = {isa = PBXBuildFile; fileRef = 6770DFE2267679E80016F827 /* SearchViewModel.swift */; };
		6770DFE626767D290016F827 /* SearchResultUI.swift in Sources */ = {isa = PBXBuildFile; fileRef = 6770DFE526767D290016F827 /* SearchResultUI.swift */; };
		6770DFEA267688800016F827 /* Double+Formatter.swift in Sources */ = {isa = PBXBuildFile; fileRef = 6770DFE9267688800016F827 /* Double+Formatter.swift */; };
		6770DFEC267688B80016F827 /* String+Formatter.swift in Sources */ = {isa = PBXBuildFile; fileRef = 6770DFEB267688B80016F827 /* String+Formatter.swift */; };
		6770DFF126768D280016F827 /* ViewModelFactory.swift in Sources */ = {isa = PBXBuildFile; fileRef = 6770DFF026768D280016F827 /* ViewModelFactory.swift */; };
		6770DFF3267693CD0016F827 /* ViewControllerFactory.swift in Sources */ = {isa = PBXBuildFile; fileRef = 6770DFF2267693CD0016F827 /* ViewControllerFactory.swift */; };
		6770DFF5267697460016F827 /* UIView+Constraints.swift in Sources */ = {isa = PBXBuildFile; fileRef = 6770DFF4267697460016F827 /* UIView+Constraints.swift */; };
		6770DFF82676983F0016F827 /* SGValues.swift in Sources */ = {isa = PBXBuildFile; fileRef = 6770DFF72676983F0016F827 /* SGValues.swift */; };
		6770DFFA26769A000016F827 /* SGSearch.swift in Sources */ = {isa = PBXBuildFile; fileRef = 6770DFF926769A000016F827 /* SGSearch.swift */; };
		6770E00026769F5E0016F827 /* SGColors.swift in Sources */ = {isa = PBXBuildFile; fileRef = 6770DFFF26769F5E0016F827 /* SGColors.swift */; };
		6770E0032676A5760016F827 /* SearchResultCell.swift in Sources */ = {isa = PBXBuildFile; fileRef = 6770E0022676A5760016F827 /* SearchResultCell.swift */; };
		6770E0052676AB360016F827 /* UITableView+Register.swift in Sources */ = {isa = PBXBuildFile; fileRef = 6770E0042676AB360016F827 /* UITableView+Register.swift */; };
		67923F09267536010056FCC8 /* AppDelegate.swift in Sources */ = {isa = PBXBuildFile; fileRef = 67923F08267536010056FCC8 /* AppDelegate.swift */; };
		67923F0B267536010056FCC8 /* SceneDelegate.swift in Sources */ = {isa = PBXBuildFile; fileRef = 67923F0A267536010056FCC8 /* SceneDelegate.swift */; };
		67923F0D267536010056FCC8 /* SearchViewController.swift in Sources */ = {isa = PBXBuildFile; fileRef = 67923F0C267536010056FCC8 /* SearchViewController.swift */; };
		67923F12267536050056FCC8 /* Assets.xcassets in Resources */ = {isa = PBXBuildFile; fileRef = 67923F11267536050056FCC8 /* Assets.xcassets */; };
		67923F15267536050056FCC8 /* LaunchScreen.storyboard in Resources */ = {isa = PBXBuildFile; fileRef = 67923F13267536050056FCC8 /* LaunchScreen.storyboard */; };
		67EEA7632684B4A000AE3371 /* UIImageView+Kingfisher.swift in Sources */ = {isa = PBXBuildFile; fileRef = 67EEA7622684B4A000AE3371 /* UIImageView+Kingfisher.swift */; };
		67EEA7662684F17300AE3371 /* KeyboardManager.swift in Sources */ = {isa = PBXBuildFile; fileRef = 67EEA7652684F17300AE3371 /* KeyboardManager.swift */; };
		DDAA89221472CF54F89FBAC6 /* Pods_App.framework in Frameworks */ = {isa = PBXBuildFile; fileRef = 730C64B24286EC2EC5D0D7D6 /* Pods_App.framework */; };
/* End PBXBuildFile section */

/* Begin PBXCopyFilesBuildPhase section */
		6770DFDA267564DD0016F827 /* Embed Frameworks */ = {
			isa = PBXCopyFilesBuildPhase;
			buildActionMask = 2147483647;
			dstPath = "";
			dstSubfolderSpec = 10;
			files = (
			);
			name = "Embed Frameworks";
			runOnlyForDeploymentPostprocessing = 0;
		};
/* End PBXCopyFilesBuildPhase section */

/* Begin PBXFileReference section */
		666E4DA56127713EC54D1DD3 /* Pods-App.debug.xcconfig */ = {isa = PBXFileReference; includeInIndex = 1; lastKnownFileType = text.xcconfig; name = "Pods-App.debug.xcconfig"; path = "Target Support Files/Pods-App/Pods-App.debug.xcconfig"; sourceTree = "<group>"; };
		6770DFE2267679E80016F827 /* SearchViewModel.swift */ = {isa = PBXFileReference; lastKnownFileType = sourcecode.swift; path = SearchViewModel.swift; sourceTree = "<group>"; };
		6770DFE526767D290016F827 /* SearchResultUI.swift */ = {isa = PBXFileReference; lastKnownFileType = sourcecode.swift; path = SearchResultUI.swift; sourceTree = "<group>"; };
		6770DFE9267688800016F827 /* Double+Formatter.swift */ = {isa = PBXFileReference; lastKnownFileType = sourcecode.swift; path = "Double+Formatter.swift"; sourceTree = "<group>"; };
		6770DFEB267688B80016F827 /* String+Formatter.swift */ = {isa = PBXFileReference; lastKnownFileType = sourcecode.swift; path = "String+Formatter.swift"; sourceTree = "<group>"; };
		6770DFF026768D280016F827 /* ViewModelFactory.swift */ = {isa = PBXFileReference; lastKnownFileType = sourcecode.swift; path = ViewModelFactory.swift; sourceTree = "<group>"; };
		6770DFF2267693CD0016F827 /* ViewControllerFactory.swift */ = {isa = PBXFileReference; lastKnownFileType = sourcecode.swift; path = ViewControllerFactory.swift; sourceTree = "<group>"; };
		6770DFF4267697460016F827 /* UIView+Constraints.swift */ = {isa = PBXFileReference; lastKnownFileType = sourcecode.swift; path = "UIView+Constraints.swift"; sourceTree = "<group>"; };
		6770DFF72676983F0016F827 /* SGValues.swift */ = {isa = PBXFileReference; lastKnownFileType = sourcecode.swift; path = SGValues.swift; sourceTree = "<group>"; };
		6770DFF926769A000016F827 /* SGSearch.swift */ = {isa = PBXFileReference; lastKnownFileType = sourcecode.swift; path = SGSearch.swift; sourceTree = "<group>"; };
		6770DFFF26769F5E0016F827 /* SGColors.swift */ = {isa = PBXFileReference; lastKnownFileType = sourcecode.swift; path = SGColors.swift; sourceTree = "<group>"; };
		6770E0022676A5760016F827 /* SearchResultCell.swift */ = {isa = PBXFileReference; lastKnownFileType = sourcecode.swift; path = SearchResultCell.swift; sourceTree = "<group>"; };
		6770E0042676AB360016F827 /* UITableView+Register.swift */ = {isa = PBXFileReference; lastKnownFileType = sourcecode.swift; path = "UITableView+Register.swift"; sourceTree = "<group>"; };
		67923F05267536010056FCC8 /* App.app */ = {isa = PBXFileReference; explicitFileType = wrapper.application; includeInIndex = 0; path = App.app; sourceTree = BUILT_PRODUCTS_DIR; };
		67923F08267536010056FCC8 /* AppDelegate.swift */ = {isa = PBXFileReference; lastKnownFileType = sourcecode.swift; path = AppDelegate.swift; sourceTree = "<group>"; };
		67923F0A267536010056FCC8 /* SceneDelegate.swift */ = {isa = PBXFileReference; lastKnownFileType = sourcecode.swift; path = SceneDelegate.swift; sourceTree = "<group>"; };
		67923F0C267536010056FCC8 /* SearchViewController.swift */ = {isa = PBXFileReference; lastKnownFileType = sourcecode.swift; path = SearchViewController.swift; sourceTree = "<group>"; };
		67923F11267536050056FCC8 /* Assets.xcassets */ = {isa = PBXFileReference; lastKnownFileType = folder.assetcatalog; path = Assets.xcassets; sourceTree = "<group>"; };
		67923F14267536050056FCC8 /* Base */ = {isa = PBXFileReference; lastKnownFileType = file.storyboard; name = Base; path = Base.lproj/LaunchScreen.storyboard; sourceTree = "<group>"; };
		67923F16267536050056FCC8 /* Info.plist */ = {isa = PBXFileReference; lastKnownFileType = text.plist.xml; path = Info.plist; sourceTree = "<group>"; };
		67EEA7622684B4A000AE3371 /* UIImageView+Kingfisher.swift */ = {isa = PBXFileReference; lastKnownFileType = sourcecode.swift; path = "UIImageView+Kingfisher.swift"; sourceTree = "<group>"; };
		67EEA7652684F17300AE3371 /* KeyboardManager.swift */ = {isa = PBXFileReference; lastKnownFileType = sourcecode.swift; path = KeyboardManager.swift; sourceTree = "<group>"; };
		730C64B24286EC2EC5D0D7D6 /* Pods_App.framework */ = {isa = PBXFileReference; explicitFileType = wrapper.framework; includeInIndex = 0; path = Pods_App.framework; sourceTree = BUILT_PRODUCTS_DIR; };
		870A912AC1F7CF8A8E46994E /* Pods-App.release.xcconfig */ = {isa = PBXFileReference; includeInIndex = 1; lastKnownFileType = text.xcconfig; name = "Pods-App.release.xcconfig"; path = "Target Support Files/Pods-App/Pods-App.release.xcconfig"; sourceTree = "<group>"; };
/* End PBXFileReference section */

/* Begin PBXFrameworksBuildPhase section */
		67923F02267536010056FCC8 /* Frameworks */ = {
			isa = PBXFrameworksBuildPhase;
			buildActionMask = 2147483647;
			files = (
				DDAA89221472CF54F89FBAC6 /* Pods_App.framework in Frameworks */,
			);
			runOnlyForDeploymentPostprocessing = 0;
		};
/* End PBXFrameworksBuildPhase section */

/* Begin PBXGroup section */
		6770DFE426767D100016F827 /* Model */ = {
			isa = PBXGroup;
			children = (
				6770DFE526767D290016F827 /* SearchResultUI.swift */,
			);
			path = Model;
			sourceTree = "<group>";
		};
		6770DFE7267688680016F827 /* Common */ = {
			isa = PBXGroup;
			children = (
				67EEA7642684F16000AE3371 /* Keyboard */,
				6770DFF6267698170016F827 /* Style Guide */,
				6770DFE82676886E0016F827 /* Extensions */,
			);
			path = Common;
			sourceTree = "<group>";
		};
		6770DFE82676886E0016F827 /* Extensions */ = {
			isa = PBXGroup;
			children = (
				6770DFE9267688800016F827 /* Double+Formatter.swift */,
				6770DFEB267688B80016F827 /* String+Formatter.swift */,
				6770DFF4267697460016F827 /* UIView+Constraints.swift */,
				6770E0042676AB360016F827 /* UITableView+Register.swift */,
				67EEA7622684B4A000AE3371 /* UIImageView+Kingfisher.swift */,
			);
			path = Extensions;
			sourceTree = "<group>";
		};
		6770DFED26768CFC0016F827 /* Factory */ = {
			isa = PBXGroup;
			children = (
				6770DFF026768D280016F827 /* ViewModelFactory.swift */,
				6770DFF2267693CD0016F827 /* ViewControllerFactory.swift */,
			);
			path = Factory;
			sourceTree = "<group>";
		};
		6770DFF6267698170016F827 /* Style Guide */ = {
			isa = PBXGroup;
			children = (
				6770DFF72676983F0016F827 /* SGValues.swift */,
				6770DFFF26769F5E0016F827 /* SGColors.swift */,
			);
			path = "Style Guide";
			sourceTree = "<group>";
		};
		6770E0012676A5480016F827 /* Views */ = {
			isa = PBXGroup;
			children = (
				6770E0022676A5760016F827 /* SearchResultCell.swift */,
			);
			path = Views;
			sourceTree = "<group>";
		};
		67923EFC267536010056FCC8 = {
			isa = PBXGroup;
			children = (
				67923F07267536010056FCC8 /* app */,
				E8BE0A54B4A5FB2974007EF9 /* Frameworks */,
				67923F06267536010056FCC8 /* Products */,
				B25FF471B28AADBEF8CD60A1 /* Pods */,
			);
			sourceTree = "<group>";
		};
		67923F06267536010056FCC8 /* Products */ = {
			isa = PBXGroup;
			children = (
				67923F05267536010056FCC8 /* App.app */,
			);
			name = Products;
			sourceTree = "<group>";
		};
		67923F07267536010056FCC8 /* app */ = {
			isa = PBXGroup;
			children = (
				67923F382675369C0056FCC8 /* Source */,
				67923F39267536A00056FCC8 /* Supporting Files */,
			);
			path = app;
			sourceTree = "<group>";
		};
		67923F382675369C0056FCC8 /* Source */ = {
			isa = PBXGroup;
			children = (
				6770DFED26768CFC0016F827 /* Factory */,
				6770DFE7267688680016F827 /* Common */,
				67923F3C267538B60056FCC8 /* Features */,
				67923F3A267538980056FCC8 /* Delegate */,
			);
			path = Source;
			sourceTree = "<group>";
		};
		67923F39267536A00056FCC8 /* Supporting Files */ = {
			isa = PBXGroup;
			children = (
				67923F11267536050056FCC8 /* Assets.xcassets */,
				67923F13267536050056FCC8 /* LaunchScreen.storyboard */,
				67923F16267536050056FCC8 /* Info.plist */,
			);
			path = "Supporting Files";
			sourceTree = "<group>";
		};
		67923F3A267538980056FCC8 /* Delegate */ = {
			isa = PBXGroup;
			children = (
				67923F08267536010056FCC8 /* AppDelegate.swift */,
				67923F0A267536010056FCC8 /* SceneDelegate.swift */,
			);
			path = Delegate;
			sourceTree = "<group>";
		};
		67923F3B267538A60056FCC8 /* Search */ = {
			isa = PBXGroup;
			children = (
				6770E0012676A5480016F827 /* Views */,
				6770DFE426767D100016F827 /* Model */,
				67923F0C267536010056FCC8 /* SearchViewController.swift */,
				6770DFE2267679E80016F827 /* SearchViewModel.swift */,
				6770DFF926769A000016F827 /* SGSearch.swift */,
			);
			path = Search;
			sourceTree = "<group>";
		};
		67923F3C267538B60056FCC8 /* Features */ = {
			isa = PBXGroup;
			children = (
				67923F3B267538A60056FCC8 /* Search */,
			);
			path = Features;
			sourceTree = "<group>";
		};
		67EEA7642684F16000AE3371 /* Keyboard */ = {
			isa = PBXGroup;
			children = (
				67EEA7652684F17300AE3371 /* KeyboardManager.swift */,
			);
			path = Keyboard;
			sourceTree = "<group>";
		};
		B25FF471B28AADBEF8CD60A1 /* Pods */ = {
			isa = PBXGroup;
			children = (
				666E4DA56127713EC54D1DD3 /* Pods-App.debug.xcconfig */,
				870A912AC1F7CF8A8E46994E /* Pods-App.release.xcconfig */,
			);
			path = Pods;
			sourceTree = "<group>";
		};
		E8BE0A54B4A5FB2974007EF9 /* Frameworks */ = {
			isa = PBXGroup;
			children = (
				730C64B24286EC2EC5D0D7D6 /* Pods_App.framework */,
			);
			name = Frameworks;
			sourceTree = "<group>";
		};
/* End PBXGroup section */

/* Begin PBXNativeTarget section */
		67923F04267536010056FCC8 /* App */ = {
			isa = PBXNativeTarget;
			buildConfigurationList = 67923F2F267536060056FCC8 /* Build configuration list for PBXNativeTarget "App" */;
			buildPhases = (
				64F6DB99ABF4F0CAC84FB977 /* [CP] Check Pods Manifest.lock */,
				67923F01267536010056FCC8 /* Sources */,
				67923F02267536010056FCC8 /* Frameworks */,
				67923F03267536010056FCC8 /* Resources */,
				6770DFDA267564DD0016F827 /* Embed Frameworks */,
				8D396F049D669FBBB29B2775 /* [CP] Embed Pods Frameworks */,
			);
			buildRules = (
			);
			dependencies = (
			);
			name = App;
			productName = "touchtunes-ios-app";
			productReference = 67923F05267536010056FCC8 /* App.app */;
			productType = "com.apple.product-type.application";
		};
/* End PBXNativeTarget section */

/* Begin PBXProject section */
		67923EFD267536010056FCC8 /* Project object */ = {
			isa = PBXProject;
			attributes = {
				LastSwiftUpdateCheck = 1250;
				LastUpgradeCheck = 1250;
				TargetAttributes = {
					67923F04267536010056FCC8 = {
						CreatedOnToolsVersion = 12.5;
					};
				};
			};
			buildConfigurationList = 67923F00267536010056FCC8 /* Build configuration list for PBXProject "TouchTunes iOS App" */;
			compatibilityVersion = "Xcode 9.3";
			developmentRegion = en;
			hasScannedForEncodings = 0;
			knownRegions = (
				en,
				Base,
			);
			mainGroup = 67923EFC267536010056FCC8;
			productRefGroup = 67923F06267536010056FCC8 /* Products */;
			projectDirPath = "";
			projectRoot = "";
			targets = (
				67923F04267536010056FCC8 /* App */,
			);
		};
/* End PBXProject section */

/* Begin PBXResourcesBuildPhase section */
		67923F03267536010056FCC8 /* Resources */ = {
			isa = PBXResourcesBuildPhase;
			buildActionMask = 2147483647;
			files = (
				67923F15267536050056FCC8 /* LaunchScreen.storyboard in Resources */,
				67923F12267536050056FCC8 /* Assets.xcassets in Resources */,
			);
			runOnlyForDeploymentPostprocessing = 0;
		};
/* End PBXResourcesBuildPhase section */

/* Begin PBXShellScriptBuildPhase section */
		64F6DB99ABF4F0CAC84FB977 /* [CP] Check Pods Manifest.lock */ = {
			isa = PBXShellScriptBuildPhase;
			buildActionMask = 2147483647;
			files = (
			);
			inputFileListPaths = (
			);
			inputPaths = (
				"${PODS_PODFILE_DIR_PATH}/Podfile.lock",
				"${PODS_ROOT}/Manifest.lock",
			);
			name = "[CP] Check Pods Manifest.lock";
			outputFileListPaths = (
			);
			outputPaths = (
				"$(DERIVED_FILE_DIR)/Pods-App-checkManifestLockResult.txt",
			);
			runOnlyForDeploymentPostprocessing = 0;
			shellPath = /bin/sh;
			shellScript = "diff \"${PODS_PODFILE_DIR_PATH}/Podfile.lock\" \"${PODS_ROOT}/Manifest.lock\" > /dev/null\nif [ $? != 0 ] ; then\n    # print error to STDERR\n    echo \"error: The sandbox is not in sync with the Podfile.lock. Run 'pod install' or update your CocoaPods installation.\" >&2\n    exit 1\nfi\n# This output is used by Xcode 'outputs' to avoid re-running this script phase.\necho \"SUCCESS\" > \"${SCRIPT_OUTPUT_FILE_0}\"\n";
			showEnvVarsInLog = 0;
		};
		8D396F049D669FBBB29B2775 /* [CP] Embed Pods Frameworks */ = {
			isa = PBXShellScriptBuildPhase;
			buildActionMask = 2147483647;
			files = (
			);
			inputFileListPaths = (
				"${PODS_ROOT}/Target Support Files/Pods-App/Pods-App-frameworks-${CONFIGURATION}-input-files.xcfilelist",
			);
			name = "[CP] Embed Pods Frameworks";
			outputFileListPaths = (
				"${PODS_ROOT}/Target Support Files/Pods-App/Pods-App-frameworks-${CONFIGURATION}-output-files.xcfilelist",
			);
			runOnlyForDeploymentPostprocessing = 0;
			shellPath = /bin/sh;
			shellScript = "\"${PODS_ROOT}/Target Support Files/Pods-App/Pods-App-frameworks.sh\"\n";
			showEnvVarsInLog = 0;
		};
/* End PBXShellScriptBuildPhase section */

/* Begin PBXSourcesBuildPhase section */
		67923F01267536010056FCC8 /* Sources */ = {
			isa = PBXSourcesBuildPhase;
			buildActionMask = 2147483647;
			files = (
				6770E0032676A5760016F827 /* SearchResultCell.swift in Sources */,
				67923F0D267536010056FCC8 /* SearchViewController.swift in Sources */,
				6770DFFA26769A000016F827 /* SGSearch.swift in Sources */,
				67EEA7662684F17300AE3371 /* KeyboardManager.swift in Sources */,
				67923F09267536010056FCC8 /* AppDelegate.swift in Sources */,
				6770DFE3267679E80016F827 /* SearchViewModel.swift in Sources */,
				6770E00026769F5E0016F827 /* SGColors.swift in Sources */,
				6770DFF3267693CD0016F827 /* ViewControllerFactory.swift in Sources */,
				6770DFF82676983F0016F827 /* SGValues.swift in Sources */,
				67EEA7632684B4A000AE3371 /* UIImageView+Kingfisher.swift in Sources */,
				6770DFE626767D290016F827 /* SearchResultUI.swift in Sources */,
				6770E0052676AB360016F827 /* UITableView+Register.swift in Sources */,
				67923F0B267536010056FCC8 /* SceneDelegate.swift in Sources */,
				6770DFF126768D280016F827 /* ViewModelFactory.swift in Sources */,
				6770DFF5267697460016F827 /* UIView+Constraints.swift in Sources */,
				6770DFEC267688B80016F827 /* String+Formatter.swift in Sources */,
				6770DFEA267688800016F827 /* Double+Formatter.swift in Sources */,
			);
			runOnlyForDeploymentPostprocessing = 0;
		};
/* End PBXSourcesBuildPhase section */

/* Begin PBXVariantGroup section */
		67923F13267536050056FCC8 /* LaunchScreen.storyboard */ = {
			isa = PBXVariantGroup;
			children = (
				67923F14267536050056FCC8 /* Base */,
			);
			name = LaunchScreen.storyboard;
			sourceTree = "<group>";
		};
/* End PBXVariantGroup section */

/* Begin XCBuildConfiguration section */
		67923F2D267536060056FCC8 /* Debug */ = {
			isa = XCBuildConfiguration;
			buildSettings = {
				ALWAYS_SEARCH_USER_PATHS = NO;
				CLANG_ANALYZER_NONNULL = YES;
				CLANG_ANALYZER_NUMBER_OBJECT_CONVERSION = YES_AGGRESSIVE;
				CLANG_CXX_LANGUAGE_STANDARD = "gnu++14";
				CLANG_CXX_LIBRARY = "libc++";
				CLANG_ENABLE_MODULES = YES;
				CLANG_ENABLE_OBJC_ARC = YES;
				CLANG_ENABLE_OBJC_WEAK = YES;
				CLANG_WARN_BLOCK_CAPTURE_AUTORELEASING = YES;
				CLANG_WARN_BOOL_CONVERSION = YES;
				CLANG_WARN_COMMA = YES;
				CLANG_WARN_CONSTANT_CONVERSION = YES;
				CLANG_WARN_DEPRECATED_OBJC_IMPLEMENTATIONS = YES;
				CLANG_WARN_DIRECT_OBJC_ISA_USAGE = YES_ERROR;
				CLANG_WARN_DOCUMENTATION_COMMENTS = YES;
				CLANG_WARN_EMPTY_BODY = YES;
				CLANG_WARN_ENUM_CONVERSION = YES;
				CLANG_WARN_INFINITE_RECURSION = YES;
				CLANG_WARN_INT_CONVERSION = YES;
				CLANG_WARN_NON_LITERAL_NULL_CONVERSION = YES;
				CLANG_WARN_OBJC_IMPLICIT_RETAIN_SELF = YES;
				CLANG_WARN_OBJC_LITERAL_CONVERSION = YES;
				CLANG_WARN_OBJC_ROOT_CLASS = YES_ERROR;
				CLANG_WARN_QUOTED_INCLUDE_IN_FRAMEWORK_HEADER = YES;
				CLANG_WARN_RANGE_LOOP_ANALYSIS = YES;
				CLANG_WARN_STRICT_PROTOTYPES = YES;
				CLANG_WARN_SUSPICIOUS_MOVE = YES;
				CLANG_WARN_UNGUARDED_AVAILABILITY = YES_AGGRESSIVE;
				CLANG_WARN_UNREACHABLE_CODE = YES;
				CLANG_WARN__DUPLICATE_METHOD_MATCH = YES;
				COPY_PHASE_STRIP = NO;
				DEBUG_INFORMATION_FORMAT = dwarf;
				ENABLE_STRICT_OBJC_MSGSEND = YES;
				ENABLE_TESTABILITY = YES;
				GCC_C_LANGUAGE_STANDARD = gnu11;
				GCC_DYNAMIC_NO_PIC = NO;
				GCC_NO_COMMON_BLOCKS = YES;
				GCC_OPTIMIZATION_LEVEL = 0;
				GCC_PREPROCESSOR_DEFINITIONS = (
					"DEBUG=1",
					"$(inherited)",
				);
				GCC_WARN_64_TO_32_BIT_CONVERSION = YES;
				GCC_WARN_ABOUT_RETURN_TYPE = YES_ERROR;
				GCC_WARN_UNDECLARED_SELECTOR = YES;
				GCC_WARN_UNINITIALIZED_AUTOS = YES_AGGRESSIVE;
				GCC_WARN_UNUSED_FUNCTION = YES;
				GCC_WARN_UNUSED_VARIABLE = YES;
				IPHONEOS_DEPLOYMENT_TARGET = 14.5;
				MTL_ENABLE_DEBUG_INFO = INCLUDE_SOURCE;
				MTL_FAST_MATH = YES;
				ONLY_ACTIVE_ARCH = YES;
				SDKROOT = iphoneos;
				SWIFT_ACTIVE_COMPILATION_CONDITIONS = DEBUG;
				SWIFT_OPTIMIZATION_LEVEL = "-Onone";
			};
			name = Debug;
		};
		67923F2E267536060056FCC8 /* Release */ = {
			isa = XCBuildConfiguration;
			buildSettings = {
				ALWAYS_SEARCH_USER_PATHS = NO;
				CLANG_ANALYZER_NONNULL = YES;
				CLANG_ANALYZER_NUMBER_OBJECT_CONVERSION = YES_AGGRESSIVE;
				CLANG_CXX_LANGUAGE_STANDARD = "gnu++14";
				CLANG_CXX_LIBRARY = "libc++";
				CLANG_ENABLE_MODULES = YES;
				CLANG_ENABLE_OBJC_ARC = YES;
				CLANG_ENABLE_OBJC_WEAK = YES;
				CLANG_WARN_BLOCK_CAPTURE_AUTORELEASING = YES;
				CLANG_WARN_BOOL_CONVERSION = YES;
				CLANG_WARN_COMMA = YES;
				CLANG_WARN_CONSTANT_CONVERSION = YES;
				CLANG_WARN_DEPRECATED_OBJC_IMPLEMENTATIONS = YES;
				CLANG_WARN_DIRECT_OBJC_ISA_USAGE = YES_ERROR;
				CLANG_WARN_DOCUMENTATION_COMMENTS = YES;
				CLANG_WARN_EMPTY_BODY = YES;
				CLANG_WARN_ENUM_CONVERSION = YES;
				CLANG_WARN_INFINITE_RECURSION = YES;
				CLANG_WARN_INT_CONVERSION = YES;
				CLANG_WARN_NON_LITERAL_NULL_CONVERSION = YES;
				CLANG_WARN_OBJC_IMPLICIT_RETAIN_SELF = YES;
				CLANG_WARN_OBJC_LITERAL_CONVERSION = YES;
				CLANG_WARN_OBJC_ROOT_CLASS = YES_ERROR;
				CLANG_WARN_QUOTED_INCLUDE_IN_FRAMEWORK_HEADER = YES;
				CLANG_WARN_RANGE_LOOP_ANALYSIS = YES;
				CLANG_WARN_STRICT_PROTOTYPES = YES;
				CLANG_WARN_SUSPICIOUS_MOVE = YES;
				CLANG_WARN_UNGUARDED_AVAILABILITY = YES_AGGRESSIVE;
				CLANG_WARN_UNREACHABLE_CODE = YES;
				CLANG_WARN__DUPLICATE_METHOD_MATCH = YES;
				COPY_PHASE_STRIP = NO;
				DEBUG_INFORMATION_FORMAT = "dwarf-with-dsym";
				ENABLE_NS_ASSERTIONS = NO;
				ENABLE_STRICT_OBJC_MSGSEND = YES;
				GCC_C_LANGUAGE_STANDARD = gnu11;
				GCC_NO_COMMON_BLOCKS = YES;
				GCC_WARN_64_TO_32_BIT_CONVERSION = YES;
				GCC_WARN_ABOUT_RETURN_TYPE = YES_ERROR;
				GCC_WARN_UNDECLARED_SELECTOR = YES;
				GCC_WARN_UNINITIALIZED_AUTOS = YES_AGGRESSIVE;
				GCC_WARN_UNUSED_FUNCTION = YES;
				GCC_WARN_UNUSED_VARIABLE = YES;
				IPHONEOS_DEPLOYMENT_TARGET = 14.5;
				MTL_ENABLE_DEBUG_INFO = NO;
				MTL_FAST_MATH = YES;
				SDKROOT = iphoneos;
				SWIFT_COMPILATION_MODE = wholemodule;
				SWIFT_OPTIMIZATION_LEVEL = "-O";
				VALIDATE_PRODUCT = YES;
			};
			name = Release;
		};
		67923F30267536060056FCC8 /* Debug */ = {
			isa = XCBuildConfiguration;
			baseConfigurationReference = 666E4DA56127713EC54D1DD3 /* Pods-App.debug.xcconfig */;
			buildSettings = {
				ASSETCATALOG_COMPILER_APPICON_NAME = AppIcon;
				ASSETCATALOG_COMPILER_GLOBAL_ACCENT_COLOR_NAME = AccentColor;
				CODE_SIGN_IDENTITY = "Apple Development";
				CODE_SIGN_STYLE = Automatic;
				DEVELOPMENT_TEAM = 333M5WNDNM;
				HEADER_SEARCH_PATHS = "$(inherited)";
				INFOPLIST_FILE = "app/Supporting Files/Info.plist";
				LD_RUNPATH_SEARCH_PATHS = (
					"$(inherited)",
					"@loader_path/Frameworks",
					"@executable_path/Frameworks",
					"$(BUILT_PRODUCTS_DIR)/Moya",
					"$(BUILT_PRODUCTS_DIR)/Alamofire",
				);
				PRODUCT_BUNDLE_IDENTIFIER = "dev.neymoura.ttouchtunes.ios-app";
				PRODUCT_NAME = "$(TARGET_NAME)";
				PROVISIONING_PROFILE_SPECIFIER = "";
				SWIFT_VERSION = 5.0;
				TARGETED_DEVICE_FAMILY = "1,2";
			};
			name = Debug;
		};
		67923F31267536060056FCC8 /* Release */ = {
			isa = XCBuildConfiguration;
			baseConfigurationReference = 870A912AC1F7CF8A8E46994E /* Pods-App.release.xcconfig */;
			buildSettings = {
				ASSETCATALOG_COMPILER_APPICON_NAME = AppIcon;
				ASSETCATALOG_COMPILER_GLOBAL_ACCENT_COLOR_NAME = AccentColor;
				CODE_SIGN_IDENTITY = "Apple Development";
				CODE_SIGN_STYLE = Automatic;
				DEVELOPMENT_TEAM = 333M5WNDNM;
				HEADER_SEARCH_PATHS = "$(inherited)";
				INFOPLIST_FILE = "app/Supporting Files/Info.plist";
				LD_RUNPATH_SEARCH_PATHS = (
					"$(inherited)",
					"@loader_path/Frameworks",
					"@executable_path/Frameworks",
					"$(BUILT_PRODUCTS_DIR)/Moya",
					"$(BUILT_PRODUCTS_DIR)/Alamofire",
				);
				PRODUCT_BUNDLE_IDENTIFIER = "dev.neymoura.ttouchtunes.ios-app";
				PRODUCT_NAME = "$(TARGET_NAME)";
				PROVISIONING_PROFILE_SPECIFIER = "";
				SWIFT_VERSION = 5.0;
				TARGETED_DEVICE_FAMILY = "1,2";
			};
			name = Release;
		};
/* End XCBuildConfiguration section */

/* Begin XCConfigurationList section */
		67923F00267536010056FCC8 /* Build configuration list for PBXProject "TouchTunes iOS App" */ = {
			isa = XCConfigurationList;
			buildConfigurations = (
				67923F2D267536060056FCC8 /* Debug */,
				67923F2E267536060056FCC8 /* Release */,
			);
			defaultConfigurationIsVisible = 0;
			defaultConfigurationName = Release;
		};
		67923F2F267536060056FCC8 /* Build configuration list for PBXNativeTarget "App" */ = {
			isa = XCConfigurationList;
			buildConfigurations = (
				67923F30267536060056FCC8 /* Debug */,
				67923F31267536060056FCC8 /* Release */,
			);
			defaultConfigurationIsVisible = 0;
			defaultConfigurationName = Release;
		};
/* End XCConfigurationList section */
	};
	rootObject = 67923EFD267536010056FCC8 /* Project object */;
}
